
Microsoft Visual Studio Solution File, Format Version 12.00
# Visual Studio Version 16
VisualStudioVersion = 16.0.30309.148
MinimumVisualStudioVersion = 10.0.40219.1
Project("{FAE04EC0-301F-11D3-BF4B-00C04F79EFBC}") = "DekstopAPP", "DekstopAPP\DekstopAPP.csproj", "{5AA84A5A-B65C-40C9-9590-F5F453F28011}"
EndProject
Global
	GlobalSection(SolutionConfigurationPlatforms) = preSolution
		Debug|Any CPU = Debug|Any CPU
		Release|Any CPU = Release|Any CPU
	EndGlobalSection
	GlobalSection(ProjectConfigurationPlatforms) = postSolution
		{5AA84A5A-B65C-40C9-9590-F5F453F28011}.Debug|Any CPU.ActiveCfg = Debug|Any CPU
		{5AA84A5A-B65C-40C9-9590-F5F453F28011}.Debug|Any CPU.Build.0 = Debug|Any CPU
		{5AA84A5A-B65C-40C9-9590-F5F453F28011}.Release|Any CPU.ActiveCfg = Release|Any CPU
		{5AA84A5A-B65C-40C9-9590-F5F453F28011}.Release|Any CPU.Build.0 = Release|Any CPU
	EndGlobalSection
	GlobalSection(SolutionProperties) = preSolution
		HideSolutionNode = FALSE
	EndGlobalSection
	GlobalSection(ExtensibilityGlobals) = postSolution
		SolutionGuid = {1D39C4A5-C77E-4C7F-9520-E41AD5C69A43}
	EndGlobalSection
EndGlobal
